
Microsoft Visual Studio Solution File, Format Version 12.00
# Visual Studio 15
VisualStudioVersion = 15.0.27004.2005
MinimumVisualStudioVersion = 10.0.40219.1
Project("{F184B08F-C81C-45F6-A57F-5ABD9991F28F}") = "Sykkelbestilling", "Sykkelbestilling\Sykkelbestilling.vbproj", "{B0C3F3A3-E0DB-4923-BB05-A56EB2464476}"
EndProject
Global
	GlobalSection(SolutionConfigurationPlatforms) = preSolution
		Debug|Any CPU = Debug|Any CPU
		Release|Any CPU = Release|Any CPU
	EndGlobalSection
	GlobalSection(ProjectConfigurationPlatforms) = postSolution
		{B0C3F3A3-E0DB-4923-BB05-A56EB2464476}.Debug|Any CPU.ActiveCfg = Debug|Any CPU
		{B0C3F3A3-E0DB-4923-BB05-A56EB2464476}.Debug|Any CPU.Build.0 = Debug|Any CPU
		{B0C3F3A3-E0DB-4923-BB05-A56EB2464476}.Release|Any CPU.ActiveCfg = Release|Any CPU
		{B0C3F3A3-E0DB-4923-BB05-A56EB2464476}.Release|Any CPU.Build.0 = Release|Any CPU
	EndGlobalSection
	GlobalSection(SolutionProperties) = preSolution
		HideSolutionNode = FALSE
	EndGlobalSection
	GlobalSection(ExtensibilityGlobals) = postSolution
		SolutionGuid = {0364DB8F-3329-426E-94C0-1804DB3D5F8F}
	EndGlobalSection
EndGlobal
